{
  "version": "4",
  "specifiers": {
    "jsr:@smujdev/deep-observer@*": "0.1.0",
    "jsr:@smujdev/deep-observer@0.2": "0.2.0",
    "npm:@types/memoizee@~0.4.11": "0.4.11",
    "npm:memoizee@~0.4.17": "0.4.17",
    "npm:peerjs@*": "1.5.4",
    "npm:peerjs@^1.5.4": "1.5.4",
    "npm:tiny-typed-emitter@*": "2.1.0",
    "npm:tiny-typed-emitter@^2.1.0": "2.1.0"
  },
  "jsr": {
    "@smujdev/deep-observer@0.1.0": {
      "integrity": "99c0d2c62e2700dd8c7f44b339d21600fa764a2e407795058a2c388d2c7da869"
    },
    "@smujdev/deep-observer@0.2.0": {
      "integrity": "40298fa6de5f884f89756c09d3015b45a4cb70909e6a9d158aac25e6338f115c"
    }
  },
  "npm": {
    "@msgpack/msgpack@2.8.0": {
      "integrity": "sha512-h9u4u/jiIRKbq25PM+zymTyW6bhTzELvOoUd+AvYriWOAKpLGnIamaET3pnHYoI5iYphAHBI4ayx0MehR+VVPQ=="
    },
    "@types/memoizee@0.4.11": {
      "integrity": "sha512-2gyorIBZu8GoDr9pYjROkxWWcFtHCquF7TVbN2I+/OvgZhnIGQS0vX5KJz4lXNKb8XOSfxFOSG5OLru1ESqLUg=="
    },
    "d@1.0.2": {
      "integrity": "sha512-MOqHvMWF9/9MX6nza0KgvFH4HpMU0EF5uUDXqX/BtxtU8NfB0QzRtJ8Oe/6SuS4kbhyzVJwjd97EA4PKrzJ8bw==",
      "dependencies": [
        "es5-ext",
        "type"
      ]
    },
    "es5-ext@0.10.64": {
      "integrity": "sha512-p2snDhiLaXe6dahss1LddxqEm+SkuDvV8dnIQG0MWjyHpcMNfXKPE+/Cc0y+PhxJX3A4xGNeFCj5oc0BUh6deg==",
      "dependencies": [
        "es6-iterator",
        "es6-symbol",
        "esniff",
        "next-tick"
      ]
    },
    "es6-iterator@2.0.3": {
      "integrity": "sha512-zw4SRzoUkd+cl+ZoE15A9o1oQd920Bb0iOJMQkQhl3jNc03YqVjAhG7scf9C5KWRU/R13Orf588uCC6525o02g==",
      "dependencies": [
        "d",
        "es5-ext",
        "es6-symbol"
      ]
    },
    "es6-symbol@3.1.4": {
      "integrity": "sha512-U9bFFjX8tFiATgtkJ1zg25+KviIXpgRvRHS8sau3GfhVzThRQrOeksPeT0BWW2MNZs1OEWJ1DPXOQMn0KKRkvg==",
      "dependencies": [
        "d",
        "ext"
      ]
    },
    "es6-weak-map@2.0.3": {
      "integrity": "sha512-p5um32HOTO1kP+w7PRnB+5lQ43Z6muuMuIMffvDN8ZB4GcnjLBV6zGStpbASIMk4DCAvEaamhe2zhyCb/QXXsA==",
      "dependencies": [
        "d",
        "es5-ext",
        "es6-iterator",
        "es6-symbol"
      ]
    },
    "esniff@2.0.1": {
      "integrity": "sha512-kTUIGKQ/mDPFoJ0oVfcmyJn4iBDRptjNVIzwIFR7tqWXdVI9xfA2RMwY/gbSpJG3lkdWNEjLap/NqVHZiJsdfg==",
      "dependencies": [
        "d",
        "es5-ext",
        "event-emitter",
        "type"
      ]
    },
    "event-emitter@0.3.5": {
      "integrity": "sha512-D9rRn9y7kLPnJ+hMq7S/nhvoKwwvVJahBi2BPmx3bvbsEdK3W9ii8cBSGjP+72/LnM4n6fo3+dkCX5FeTQruXA==",
      "dependencies": [
        "d",
        "es5-ext"
      ]
    },
    "eventemitter3@4.0.7": {
      "integrity": "sha512-8guHBZCwKnFhYdHr2ysuRWErTwhoN2X8XELRlrRwpmfeY2jjuUN4taQMsULKUVo1K4DvZl+0pgfyoysHxvmvEw=="
    },
    "ext@1.7.0": {
      "integrity": "sha512-6hxeJYaL110a9b5TEJSj0gojyHQAmA2ch5Os+ySCiA1QGdS697XWY1pzsrSjqA9LDEEgdB/KypIlR59RcLuHYw==",
      "dependencies": [
        "type"
      ]
    },
    "is-promise@2.2.2": {
      "integrity": "sha512-+lP4/6lKUBfQjZ2pdxThZvLUAafmZb8OAxFb8XXtiQmS35INgr85hdOGoEs124ez1FCnZJt6jau/T+alh58QFQ=="
    },
    "lru-queue@0.1.0": {
      "integrity": "sha512-BpdYkt9EvGl8OfWHDQPISVpcl5xZthb+XPsbELj5AQXxIC8IriDZIQYjBJPEm5rS420sjZ0TLEzRcq5KdBhYrQ==",
      "dependencies": [
        "es5-ext"
      ]
    },
    "memoizee@0.4.17": {
      "integrity": "sha512-DGqD7Hjpi/1or4F/aYAspXKNm5Yili0QDAFAY4QYvpqpgiY6+1jOfqpmByzjxbWd/T9mChbCArXAbDAsTm5oXA==",
      "dependencies": [
        "d",
        "es5-ext",
        "es6-weak-map",
        "event-emitter",
        "is-promise",
        "lru-queue",
        "next-tick",
        "timers-ext"
      ]
    },
    "next-tick@1.1.0": {
      "integrity": "sha512-CXdUiJembsNjuToQvxayPZF9Vqht7hewsvy2sOWafLvi2awflj9mOC6bHIg50orX8IJvWKY9wYQ/zB2kogPslQ=="
    },
    "peerjs-js-binarypack@2.1.0": {
      "integrity": "sha512-YIwCC+pTzp3Bi8jPI9UFKO0t0SLo6xALnHkiNt/iUFmUUZG0fEEmEyFKvjsDKweiFitzHRyhuh6NvyJZ4nNxMg=="
    },
    "peerjs@1.5.4": {
      "integrity": "sha512-yFsoLMnurJKlQbx6kVSBpOp+AlNldY1JQS2BrSsHLKCZnq6t7saHleuHM5svuLNbQkUJXHLF3sKOJB1K0xulOw==",
      "dependencies": [
        "@msgpack/msgpack",
        "eventemitter3",
        "peerjs-js-binarypack",
        "webrtc-adapter"
      ]
    },
    "sdp@3.2.0": {
      "integrity": "sha512-d7wDPgDV3DDiqulJjKiV2865wKsJ34YI+NDREbm+FySq6WuKOikwyNQcm+doLAZ1O6ltdO0SeKle2xMpN3Brgw=="
    },
    "timers-ext@0.1.8": {
      "integrity": "sha512-wFH7+SEAcKfJpfLPkrgMPvvwnEtj8W4IurvEyrKsDleXnKLCDw71w8jltvfLa8Rm4qQxxT4jmDBYbJG/z7qoww==",
      "dependencies": [
        "es5-ext",
        "next-tick"
      ]
    },
    "tiny-typed-emitter@2.1.0": {
      "integrity": "sha512-qVtvMxeXbVej0cQWKqVSSAHmKZEHAvxdF8HEUBFWts8h+xEo5m/lEiPakuyZ3BnCBjOD8i24kzNOiOLLgsSxhA=="
    },
    "type@2.7.3": {
      "integrity": "sha512-8j+1QmAbPvLZow5Qpi6NCaN8FB60p/6x8/vfNqOk/hC+HuvFZhL4+WfekuhQLiqFZXOgQdrs3B+XxEmCc6b3FQ=="
    },
    "webrtc-adapter@9.0.1": {
      "integrity": "sha512-1AQO+d4ElfVSXyzNVTOewgGT/tAomwwztX/6e3totvyyzXPvXIIuUUjAmyZGbKBKbZOXauuJooZm3g6IuFuiNQ==",
      "dependencies": [
        "sdp"
      ]
    }
  },
  "workspace": {
    "dependencies": [
      "jsr:@smujdev/deep-observer@0.2",
      "npm:@types/memoizee@~0.4.11",
      "npm:memoizee@~0.4.17",
      "npm:peerjs@^1.5.4",
      "npm:tiny-typed-emitter@^2.1.0"
    ]
  }
}
