{
  "version": "5",
  "specifiers": {
    "jsr:@smujdev/deep-observer@*": "0.2.0",
    "npm:peerjs@*": "1.5.5",
    "npm:tiny-typed-emitter@*": "2.1.0"
  },
  "jsr": {
    "@smujdev/deep-observer@0.2.0": {
      "integrity": "40298fa6de5f884f89756c09d3015b45a4cb70909e6a9d158aac25e6338f115c"
    }
  },
  "npm": {
    "@msgpack/msgpack@2.8.0": {
      "integrity": "sha512-h9u4u/jiIRKbq25PM+zymTyW6bhTzELvOoUd+AvYriWOAKpLGnIamaET3pnHYoI5iYphAHBI4ayx0MehR+VVPQ=="
    },
    "eventemitter3@4.0.7": {
      "integrity": "sha512-8guHBZCwKnFhYdHr2ysuRWErTwhoN2X8XELRlrRwpmfeY2jjuUN4taQMsULKUVo1K4DvZl+0pgfyoysHxvmvEw=="
    },
    "peerjs-js-binarypack@2.1.0": {
      "integrity": "sha512-YIwCC+pTzp3Bi8jPI9UFKO0t0SLo6xALnHkiNt/iUFmUUZG0fEEmEyFKvjsDKweiFitzHRyhuh6NvyJZ4nNxMg=="
    },
    "peerjs@1.5.5": {
      "integrity": "sha512-viMUCPDL6CSfOu0ZqVcFqbWRXNHIbv2lPqNbrBIjbFYrflebOjItJ4hPfhjnuUCstqciHVu9vVJ7jFqqKi/EuQ==",
      "dependencies": [
        "@msgpack/msgpack",
        "eventemitter3",
        "peerjs-js-binarypack",
        "webrtc-adapter"
      ]
    },
    "sdp@3.2.1": {
      "integrity": "sha512-lwsAIzOPlH8/7IIjjz3K0zYBk7aBVVcvjMwt3M4fLxpjMYyy7i3I97SLHebgn4YBjirkzfp3RvRDWSKsh/+WFw=="
    },
    "tiny-typed-emitter@2.1.0": {
      "integrity": "sha512-qVtvMxeXbVej0cQWKqVSSAHmKZEHAvxdF8HEUBFWts8h+xEo5m/lEiPakuyZ3BnCBjOD8i24kzNOiOLLgsSxhA=="
    },
    "webrtc-adapter@9.0.3": {
      "integrity": "sha512-5fALBcroIl31OeXAdd1YUntxiZl1eHlZZWzNg3U4Fn+J9/cGL3eT80YlrsWGvj2ojuz1rZr2OXkgCzIxAZ7vRQ==",
      "dependencies": [
        "sdp"
      ]
    }
  },
  "workspace": {
    "dependencies": [
      "jsr:@smujdev/deep-observer@0.2",
      "npm:immer@^10.1.1",
      "npm:peerjs@^1.5.5",
      "npm:tiny-typed-emitter@^2.1.0"
    ]
  }
}
